// !$*UTF8*$!
{
	archiveVersion = 1;
	classes = {
	};
	objectVersion = 48;
	objects = {

/* Begin PBXBuildFile section */
		E35793401FEBBD13007D1CA3 /* AppDelegate.swift in Sources */ = {isa = PBXBuildFile; fileRef = E357933F1FEBBD13007D1CA3 /* AppDelegate.swift */; };
		E35793421FEBBD13007D1CA3 /* ViewController.swift in Sources */ = {isa = PBXBuildFile; fileRef = E35793411FEBBD13007D1CA3 /* ViewController.swift */; };
		E35793451FEBBD13007D1CA3 /* Main.storyboard in Resources */ = {isa = PBXBuildFile; fileRef = E35793431FEBBD13007D1CA3 /* Main.storyboard */; };
		E35793471FEBBD13007D1CA3 /* Assets.xcassets in Resources */ = {isa = PBXBuildFile; fileRef = E35793461FEBBD13007D1CA3 /* Assets.xcassets */; };
		E357934A1FEBBD13007D1CA3 /* LaunchScreen.storyboard in Resources */ = {isa = PBXBuildFile; fileRef = E35793481FEBBD13007D1CA3 /* LaunchScreen.storyboard */; };
/* End PBXBuildFile section */

/* Begin PBXFileReference section */
		E357933C1FEBBD13007D1CA3 /* MusicWireframe.app */ = {isa = PBXFileReference; explicitFileType = wrapper.application; includeInIndex = 0; path = MusicWireframe.app; sourceTree = BUILT_PRODUCTS_DIR; };
		E357933F1FEBBD13007D1CA3 /* AppDelegate.swift */ = {isa = PBXFileReference; lastKnownFileType = sourcecode.swift; path = AppDelegate.swift; sourceTree = "<group>"; };
		E35793411FEBBD13007D1CA3 /* ViewController.swift */ = {isa = PBXFileReference; lastKnownFileType = sourcecode.swift; path = ViewController.swift; sourceTree = "<group>"; };
		E35793441FEBBD13007D1CA3 /* Base */ = {isa = PBXFileReference; lastKnownFileType = file.storyboard; name = Base; path = Base.lproj/Main.storyboard; sourceTree = "<group>"; };
		E35793461FEBBD13007D1CA3 /* Assets.xcassets */ = {isa = PBXFileReference; lastKnownFileType = folder.assetcatalog; path = Assets.xcassets; sourceTree = "<group>"; };
		E35793491FEBBD13007D1CA3 /* Base */ = {isa = PBXFileReference; lastKnownFileType = file.storyboard; name = Base; path = Base.lproj/LaunchScreen.storyboard; sourceTree = "<group>"; };
		E357934B1FEBBD13007D1CA3 /* Info.plist */ = {isa = PBXFileReference; lastKnownFileType = text.plist.xml; path = Info.plist; sourceTree = "<group>"; };
/* End PBXFileReference section */

/* Begin PBXFrameworksBuildPhase section */
		E35793391FEBBD13007D1CA3 /* Frameworks */ = {
			isa = PBXFrameworksBuildPhase;
			buildActionMask = 2147483647;
			files = (
			);
			runOnlyForDeploymentPostprocessing = 0;
		};
/* End PBXFrameworksBuildPhase section */

/* Begin PBXGroup section */
		E35793331FEBBD13007D1CA3 = {
			isa = PBXGroup;
			children = (
				E357933E1FEBBD13007D1CA3 /* MusicWireframe */,
				E357933D1FEBBD13007D1CA3 /* Products */,
			);
			sourceTree = "<group>";
		};
		E357933D1FEBBD13007D1CA3 /* Products */ = {
			isa = PBXGroup;
			children = (
				E357933C1FEBBD13007D1CA3 /* MusicWireframe.app */,
			);
			name = Products;
			sourceTree = "<group>";
		};
		E357933E1FEBBD13007D1CA3 /* MusicWireframe */ = {
			isa = PBXGroup;
			children = (
				E357933F1FEBBD13007D1CA3 /* AppDelegate.swift */,
				E35793411FEBBD13007D1CA3 /* ViewController.swift */,
				E35793431FEBBD13007D1CA3 /* Main.storyboard */,
				E35793461FEBBD13007D1CA3 /* Assets.xcassets */,
				E35793481FEBBD13007D1CA3 /* LaunchScreen.storyboard */,
				E357934B1FEBBD13007D1CA3 /* Info.plist */,
			);
			path = MusicWireframe;
			sourceTree = "<group>";
		};
/* End PBXGroup section */

/* Begin PBXNativeTarget section */
		E357933B1FEBBD13007D1CA3 /* MusicWireframe */ = {
			isa = PBXNativeTarget;
			buildConfigurationList = E357934E1FEBBD13007D1CA3 /* Build configuration list for PBXNativeTarget "MusicWireframe" */;
			buildPhases = (
				E35793381FEBBD13007D1CA3 /* Sources */,
				E35793391FEBBD13007D1CA3 /* Frameworks */,
				E357933A1FEBBD13007D1CA3 /* Resources */,
			);
			buildRules = (
			);
			dependencies = (
			);
			name = MusicWireframe;
			productName = MusicWireframe;
			productReference = E357933C1FEBBD13007D1CA3 /* MusicWireframe.app */;
			productType = "com.apple.product-type.application";
		};
/* End PBXNativeTarget section */

/* Begin PBXProject section */
		E35793341FEBBD13007D1CA3 /* Project object */ = {
			isa = PBXProject;
			attributes = {
				LastSwiftUpdateCheck = 0920;
				LastUpgradeCheck = 0920;
				ORGANIZATIONNAME = "ronny abraham";
				TargetAttributes = {
					E357933B1FEBBD13007D1CA3 = {
						CreatedOnToolsVersion = 9.2;
						ProvisioningStyle = Automatic;
					};
				};
			};
			buildConfigurationList = E35793371FEBBD13007D1CA3 /* Build configuration list for PBXProject "MusicWireframe" */;
			compatibilityVersion = "Xcode 8.0";
			developmentRegion = en;
			hasScannedForEncodings = 0;
			knownRegions = (
				en,
				Base,
			);
			mainGroup = E35793331FEBBD13007D1CA3;
			productRefGroup = E357933D1FEBBD13007D1CA3 /* Products */;
			projectDirPath = "";
			projectRoot = "";
			targets = (
				E357933B1FEBBD13007D1CA3 /* MusicWireframe */,
			);
		};
/* End PBXProject section */

/* Begin PBXResourcesBuildPhase section */
		E357933A1FEBBD13007D1CA3 /* Resources */ = {
			isa = PBXResourcesBuildPhase;
			buildActionMask = 2147483647;
			files = (
				E357934A1FEBBD13007D1CA3 /* LaunchScreen.storyboard in Resources */,
				E35793471FEBBD13007D1CA3 /* Assets.xcassets in Resources */,
				E35793451FEBBD13007D1CA3 /* Main.storyboard in Resources */,
			);
			runOnlyForDeploymentPostprocessing = 0;
		};
/* End PBXResourcesBuildPhase section */

/* Begin PBXSourcesBuildPhase section */
		E35793381FEBBD13007D1CA3 /* Sources */ = {
			isa = PBXSourcesBuildPhase;
			buildActionMask = 2147483647;
			files = (
				E35793421FEBBD13007D1CA3 /* ViewController.swift in Sources */,
				E35793401FEBBD13007D1CA3 /* AppDelegate.swift in Sources */,
			);
			runOnlyForDeploymentPostprocessing = 0;
		};
/* End PBXSourcesBuildPhase section */

/* Begin PBXVariantGroup section */
		E35793431FEBBD13007D1CA3 /* Main.storyboard */ = {
			isa = PBXVariantGroup;
			children = (
				E35793441FEBBD13007D1CA3 /* Base */,
			);
			name = Main.storyboard;
			sourceTree = "<group>";
		};
		E35793481FEBBD13007D1CA3 /* LaunchScreen.storyboard */ = {
			isa = PBXVariantGroup;
			children = (
				E35793491FEBBD13007D1CA3 /* Base */,
			);
			name = LaunchScreen.storyboard;
			sourceTree = "<group>";
		};
/* End PBXVariantGroup section */

/* Begin XCBuildConfiguration section */
		E357934C1FEBBD13007D1CA3 /* Debug */ = {
			isa = XCBuildConfiguration;
			buildSettings = {
				ALWAYS_SEARCH_USER_PATHS = NO;
				CLANG_ANALYZER_NONNULL = YES;
				CLANG_ANALYZER_NUMBER_OBJECT_CONVERSION = YES_AGGRESSIVE;
				CLANG_CXX_LANGUAGE_STANDARD = "gnu++14";
				CLANG_CXX_LIBRARY = "libc++";
				CLANG_ENABLE_MODULES = YES;
				CLANG_ENABLE_OBJC_ARC = YES;
				CLANG_WARN_BLOCK_CAPTURE_AUTORELEASING = YES;
				CLANG_WARN_BOOL_CONVERSION = YES;
				CLANG_WARN_COMMA = YES;
				CLANG_WARN_CONSTANT_CONVERSION = YES;
				CLANG_WARN_DIRECT_OBJC_ISA_USAGE = YES_ERROR;
				CLANG_WARN_DOCUMENTATION_COMMENTS = YES;
				CLANG_WARN_EMPTY_BODY = YES;
				CLANG_WARN_ENUM_CONVERSION = YES;
				CLANG_WARN_INFINITE_RECURSION = YES;
				CLANG_WARN_INT_CONVERSION = YES;
				CLANG_WARN_NON_LITERAL_NULL_CONVERSION = YES;
				CLANG_WARN_OBJC_LITERAL_CONVERSION = YES;
				CLANG_WARN_OBJC_ROOT_CLASS = YES_ERROR;
				CLANG_WARN_RANGE_LOOP_ANALYSIS = YES;
				CLANG_WARN_STRICT_PROTOTYPES = YES;
				CLANG_WARN_SUSPICIOUS_MOVE = YES;
				CLANG_WARN_UNGUARDED_AVAILABILITY = YES_AGGRESSIVE;
				CLANG_WARN_UNREACHABLE_CODE = YES;
				CLANG_WARN__DUPLICATE_METHOD_MATCH = YES;
				CODE_SIGN_IDENTITY = "iPhone Developer";
				COPY_PHASE_STRIP = NO;
				DEBUG_INFORMATION_FORMAT = dwarf;
				ENABLE_STRICT_OBJC_MSGSEND = YES;
				ENABLE_TESTABILITY = YES;
				GCC_C_LANGUAGE_STANDARD = gnu11;
				GCC_DYNAMIC_NO_PIC = NO;
				GCC_NO_COMMON_BLOCKS = YES;
				GCC_OPTIMIZATION_LEVEL = 0;
				GCC_PREPROCESSOR_DEFINITIONS = (
					"DEBUG=1",
					"$(inherited)",
				);
				GCC_WARN_64_TO_32_BIT_CONVERSION = YES;
				GCC_WARN_ABOUT_RETURN_TYPE = YES_ERROR;
				GCC_WARN_UNDECLARED_SELECTOR = YES;
				GCC_WARN_UNINITIALIZED_AUTOS = YES_AGGRESSIVE;
				GCC_WARN_UNUSED_FUNCTION = YES;
				GCC_WARN_UNUSED_VARIABLE = YES;
				IPHONEOS_DEPLOYMENT_TARGET = 11.2;
				MTL_ENABLE_DEBUG_INFO = YES;
				ONLY_ACTIVE_ARCH = YES;
				SDKROOT = iphoneos;
				SWIFT_ACTIVE_COMPILATION_CONDITIONS = DEBUG;
				SWIFT_OPTIMIZATION_LEVEL = "-Onone";
			};
			name = Debug;
		};
		E357934D1FEBBD13007D1CA3 /* Release */ = {
			isa = XCBuildConfiguration;
			buildSettings = {
				ALWAYS_SEARCH_USER_PATHS = NO;
				CLANG_ANALYZER_NONNULL = YES;
				CLANG_ANALYZER_NUMBER_OBJECT_CONVERSION = YES_AGGRESSIVE;
				CLANG_CXX_LANGUAGE_STANDARD = "gnu++14";
				CLANG_CXX_LIBRARY = "libc++";
				CLANG_ENABLE_MODULES = YES;
				CLANG_ENABLE_OBJC_ARC = YES;
				CLANG_WARN_BLOCK_CAPTURE_AUTORELEASING = YES;
				CLANG_WARN_BOOL_CONVERSION = YES;
				CLANG_WARN_COMMA = YES;
				CLANG_WARN_CONSTANT_CONVERSION = YES;
				CLANG_WARN_DIRECT_OBJC_ISA_USAGE = YES_ERROR;
				CLANG_WARN_DOCUMENTATION_COMMENTS = YES;
				CLANG_WARN_EMPTY_BODY = YES;
				CLANG_WARN_ENUM_CONVERSION = YES;
				CLANG_WARN_INFINITE_RECURSION = YES;
				CLANG_WARN_INT_CONVERSION = YES;
				CLANG_WARN_NON_LITERAL_NULL_CONVERSION = YES;
				CLANG_WARN_OBJC_LITERAL_CONVERSION = YES;
				CLANG_WARN_OBJC_ROOT_CLASS = YES_ERROR;
				CLANG_WARN_RANGE_LOOP_ANALYSIS = YES;
				CLANG_WARN_STRICT_PROTOTYPES = YES;
				CLANG_WARN_SUSPICIOUS_MOVE = YES;
				CLANG_WARN_UNGUARDED_AVAILABILITY = YES_AGGRESSIVE;
				CLANG_WARN_UNREACHABLE_CODE = YES;
				CLANG_WARN__DUPLICATE_METHOD_MATCH = YES;
				CODE_SIGN_IDENTITY = "iPhone Developer";
				COPY_PHASE_STRIP = NO;
				DEBUG_INFORMATION_FORMAT = "dwarf-with-dsym";
				ENABLE_NS_ASSERTIONS = NO;
				ENABLE_STRICT_OBJC_MSGSEND = YES;
				GCC_C_LANGUAGE_STANDARD = gnu11;
				GCC_NO_COMMON_BLOCKS = YES;
				GCC_WARN_64_TO_32_BIT_CONVERSION = YES;
				GCC_WARN_ABOUT_RETURN_TYPE = YES_ERROR;
				GCC_WARN_UNDECLARED_SELECTOR = YES;
				GCC_WARN_UNINITIALIZED_AUTOS = YES_AGGRESSIVE;
				GCC_WARN_UNUSED_FUNCTION = YES;
				GCC_WARN_UNUSED_VARIABLE = YES;
				IPHONEOS_DEPLOYMENT_TARGET = 11.2;
				MTL_ENABLE_DEBUG_INFO = NO;
				SDKROOT = iphoneos;
				SWIFT_OPTIMIZATION_LEVEL = "-Owholemodule";
				VALIDATE_PRODUCT = YES;
			};
			name = Release;
		};
		E357934F1FEBBD13007D1CA3 /* Debug */ = {
			isa = XCBuildConfiguration;
			buildSettings = {
				ASSETCATALOG_COMPILER_APPICON_NAME = AppIcon;
				CODE_SIGN_STYLE = Automatic;
				DEVELOPMENT_TEAM = 2VVP6G8S3J;
				INFOPLIST_FILE = MusicWireframe/Info.plist;
				LD_RUNPATH_SEARCH_PATHS = "$(inherited) @executable_path/Frameworks";
				PRODUCT_BUNDLE_IDENTIFIER = com.roncode.MusicWireframe;
				PRODUCT_NAME = "$(TARGET_NAME)";
				SWIFT_VERSION = 4.0;
				TARGETED_DEVICE_FAMILY = "1,2";
			};
			name = Debug;
		};
		E35793501FEBBD13007D1CA3 /* Release */ = {
			isa = XCBuildConfiguration;
			buildSettings = {
				ASSETCATALOG_COMPILER_APPICON_NAME = AppIcon;
				CODE_SIGN_STYLE = Automatic;
				DEVELOPMENT_TEAM = 2VVP6G8S3J;
				INFOPLIST_FILE = MusicWireframe/Info.plist;
				LD_RUNPATH_SEARCH_PATHS = "$(inherited) @executable_path/Frameworks";
				PRODUCT_BUNDLE_IDENTIFIER = com.roncode.MusicWireframe;
				PRODUCT_NAME = "$(TARGET_NAME)";
				SWIFT_VERSION = 4.0;
				TARGETED_DEVICE_FAMILY = "1,2";
			};
			name = Release;
		};
/* End XCBuildConfiguration section */

/* Begin XCConfigurationList section */
		E35793371FEBBD13007D1CA3 /* Build configuration list for PBXProject "MusicWireframe" */ = {
			isa = XCConfigurationList;
			buildConfigurations = (
				E357934C1FEBBD13007D1CA3 /* Debug */,
				E357934D1FEBBD13007D1CA3 /* Release */,
			);
			defaultConfigurationIsVisible = 0;
			defaultConfigurationName = Release;
		};
		E357934E1FEBBD13007D1CA3 /* Build configuration list for PBXNativeTarget "MusicWireframe" */ = {
			isa = XCConfigurationList;
			buildConfigurations = (
				E357934F1FEBBD13007D1CA3 /* Debug */,
				E35793501FEBBD13007D1CA3 /* Release */,
			);
			defaultConfigurationIsVisible = 0;
			defaultConfigurationName = Release;
		};
/* End XCConfigurationList section */
	};
	rootObject = E35793341FEBBD13007D1CA3 /* Project object */;
}
